
Microsoft Visual Studio Solution File, Format Version 12.00
# Visual Studio Version 17
VisualStudioVersion = 17.2.32616.157
MinimumVisualStudioVersion = 10.0.40219.1
Project("{FAE04EC0-301F-11D3-BF4B-00C04F79EFBC}") = "CoursesApi", "CoursesAPI\CoursesApi.csproj", "{16E458A2-43C5-41DA-8F39-1A1E5B92D24F}"
EndProject
Project("{FAE04EC0-301F-11D3-BF4B-00C04F79EFBC}") = "EnrollmentsApi", "EnrollmentsApi\EnrollmentsApi.csproj", "{C57E102E-518E-4D40-82BD-ADD7CC1206C9}"
EndProject
Global
	GlobalSection(SolutionConfigurationPlatforms) = preSolution
		Debug|Any CPU = Debug|Any CPU
		Release|Any CPU = Release|Any CPU
	EndGlobalSection
	GlobalSection(ProjectConfigurationPlatforms) = postSolution
		{16E458A2-43C5-41DA-8F39-1A1E5B92D24F}.Debug|Any CPU.ActiveCfg = Debug|Any CPU
		{16E458A2-43C5-41DA-8F39-1A1E5B92D24F}.Debug|Any CPU.Build.0 = Debug|Any CPU
		{16E458A2-43C5-41DA-8F39-1A1E5B92D24F}.Release|Any CPU.ActiveCfg = Release|Any CPU
		{16E458A2-43C5-41DA-8F39-1A1E5B92D24F}.Release|Any CPU.Build.0 = Release|Any CPU
		{C57E102E-518E-4D40-82BD-ADD7CC1206C9}.Debug|Any CPU.ActiveCfg = Debug|Any CPU
		{C57E102E-518E-4D40-82BD-ADD7CC1206C9}.Debug|Any CPU.Build.0 = Debug|Any CPU
		{C57E102E-518E-4D40-82BD-ADD7CC1206C9}.Release|Any CPU.ActiveCfg = Release|Any CPU
		{C57E102E-518E-4D40-82BD-ADD7CC1206C9}.Release|Any CPU.Build.0 = Release|Any CPU
	EndGlobalSection
	GlobalSection(SolutionProperties) = preSolution
		HideSolutionNode = FALSE
	EndGlobalSection
	GlobalSection(ExtensibilityGlobals) = postSolution
		SolutionGuid = {14733A66-35BC-4418-9741-04EE865A66D2}
	EndGlobalSection
EndGlobal
